
Microsoft Visual Studio Solution File, Format Version 12.00
# Visual Studio Version 17
VisualStudioVersion = 17.8.34330.188
MinimumVisualStudioVersion = 10.0.40219.1
Project("{2150E333-8FDC-42A3-9474-1A3956D46DE8}") = "Fronted", "Fronted", "{D684489B-3254-4E12-9806-B91395945E16}"
EndProject
Project("{2150E333-8FDC-42A3-9474-1A3956D46DE8}") = "Gateway", "Gateway", "{24A35C0D-1EAB-46E3-83FE-82B4873867A5}"
EndProject
Project("{2150E333-8FDC-42A3-9474-1A3956D46DE8}") = "Integration", "Integration", "{747EB6EB-0AF2-4E95-B63F-EBD917944EE9}"
EndProject
Project("{2150E333-8FDC-42A3-9474-1A3956D46DE8}") = "Services", "Services", "{81EDA844-389B-406D-9723-14038FAD9868}"
EndProject
Project("{2150E333-8FDC-42A3-9474-1A3956D46DE8}") = "Src", "Src", "{EB0C0D1E-50D7-4407-B00A-4DC57C0E0FE8}"
EndProject
Project("{9A19103F-16F7-4668-BE54-9A1E7A4F7556}") = "Discount", "Discount\Discount.csproj", "{8CC4A495-1A33-4B16-A2FA-6149FB21E2DF}"
EndProject
Project("{9A19103F-16F7-4668-BE54-9A1E7A4F7556}") = "Web", "Web\Web.csproj", "{82382105-29D4-46B5-B114-08F82C035CC3}"
EndProject
Project("{9A19103F-16F7-4668-BE54-9A1E7A4F7556}") = "AuthAPI", "AuthAPI\AuthAPI.csproj", "{44E2F0A4-D39D-4DCC-9581-D70F768E678A}"
EndProject
Project("{9A19103F-16F7-4668-BE54-9A1E7A4F7556}") = "ProductAPI", "ProductAPI\ProductAPI.csproj", "{CAE3864F-7E2A-4DA0-B071-CBA6ADBF7C1F}"
EndProject
Project("{FAE04EC0-301F-11D3-BF4B-00C04F79EFBC}") = "ShoppingCartAPI", "ShoppingCartAPI\ShoppingCartAPI.csproj", "{6076CBF0-4279-4DE8-8A16-84FFF34C3E8B}"
EndProject
Global
	GlobalSection(SolutionConfigurationPlatforms) = preSolution
		Debug|Any CPU = Debug|Any CPU
		Release|Any CPU = Release|Any CPU
	EndGlobalSection
	GlobalSection(ProjectConfigurationPlatforms) = postSolution
		{8CC4A495-1A33-4B16-A2FA-6149FB21E2DF}.Debug|Any CPU.ActiveCfg = Debug|Any CPU
		{8CC4A495-1A33-4B16-A2FA-6149FB21E2DF}.Debug|Any CPU.Build.0 = Debug|Any CPU
		{8CC4A495-1A33-4B16-A2FA-6149FB21E2DF}.Release|Any CPU.ActiveCfg = Release|Any CPU
		{8CC4A495-1A33-4B16-A2FA-6149FB21E2DF}.Release|Any CPU.Build.0 = Release|Any CPU
		{82382105-29D4-46B5-B114-08F82C035CC3}.Debug|Any CPU.ActiveCfg = Debug|Any CPU
		{82382105-29D4-46B5-B114-08F82C035CC3}.Debug|Any CPU.Build.0 = Debug|Any CPU
		{82382105-29D4-46B5-B114-08F82C035CC3}.Release|Any CPU.ActiveCfg = Release|Any CPU
		{82382105-29D4-46B5-B114-08F82C035CC3}.Release|Any CPU.Build.0 = Release|Any CPU
		{44E2F0A4-D39D-4DCC-9581-D70F768E678A}.Debug|Any CPU.ActiveCfg = Debug|Any CPU
		{44E2F0A4-D39D-4DCC-9581-D70F768E678A}.Debug|Any CPU.Build.0 = Debug|Any CPU
		{44E2F0A4-D39D-4DCC-9581-D70F768E678A}.Release|Any CPU.ActiveCfg = Release|Any CPU
		{44E2F0A4-D39D-4DCC-9581-D70F768E678A}.Release|Any CPU.Build.0 = Release|Any CPU
		{CAE3864F-7E2A-4DA0-B071-CBA6ADBF7C1F}.Debug|Any CPU.ActiveCfg = Debug|Any CPU
		{CAE3864F-7E2A-4DA0-B071-CBA6ADBF7C1F}.Debug|Any CPU.Build.0 = Debug|Any CPU
		{CAE3864F-7E2A-4DA0-B071-CBA6ADBF7C1F}.Release|Any CPU.ActiveCfg = Release|Any CPU
		{CAE3864F-7E2A-4DA0-B071-CBA6ADBF7C1F}.Release|Any CPU.Build.0 = Release|Any CPU
		{6076CBF0-4279-4DE8-8A16-84FFF34C3E8B}.Debug|Any CPU.ActiveCfg = Debug|Any CPU
		{6076CBF0-4279-4DE8-8A16-84FFF34C3E8B}.Debug|Any CPU.Build.0 = Debug|Any CPU
		{6076CBF0-4279-4DE8-8A16-84FFF34C3E8B}.Release|Any CPU.ActiveCfg = Release|Any CPU
		{6076CBF0-4279-4DE8-8A16-84FFF34C3E8B}.Release|Any CPU.Build.0 = Release|Any CPU
	EndGlobalSection
	GlobalSection(SolutionProperties) = preSolution
		HideSolutionNode = FALSE
	EndGlobalSection
	GlobalSection(NestedProjects) = preSolution
		{D684489B-3254-4E12-9806-B91395945E16} = {EB0C0D1E-50D7-4407-B00A-4DC57C0E0FE8}
		{24A35C0D-1EAB-46E3-83FE-82B4873867A5} = {EB0C0D1E-50D7-4407-B00A-4DC57C0E0FE8}
		{747EB6EB-0AF2-4E95-B63F-EBD917944EE9} = {EB0C0D1E-50D7-4407-B00A-4DC57C0E0FE8}
		{81EDA844-389B-406D-9723-14038FAD9868} = {EB0C0D1E-50D7-4407-B00A-4DC57C0E0FE8}
		{8CC4A495-1A33-4B16-A2FA-6149FB21E2DF} = {81EDA844-389B-406D-9723-14038FAD9868}
		{82382105-29D4-46B5-B114-08F82C035CC3} = {D684489B-3254-4E12-9806-B91395945E16}
		{44E2F0A4-D39D-4DCC-9581-D70F768E678A} = {81EDA844-389B-406D-9723-14038FAD9868}
		{CAE3864F-7E2A-4DA0-B071-CBA6ADBF7C1F} = {81EDA844-389B-406D-9723-14038FAD9868}
		{6076CBF0-4279-4DE8-8A16-84FFF34C3E8B} = {81EDA844-389B-406D-9723-14038FAD9868}
	EndGlobalSection
	GlobalSection(ExtensibilityGlobals) = postSolution
		SolutionGuid = {6CFEF33E-0F66-44E6-A67B-13AED2FCA9E5}
	EndGlobalSection
EndGlobal
